sergey@sergey-ThinkPad-X201:~/terraform_basic$ terraform plan

Terraform used the selected providers to generate the following execution plan. Resource actions are indicated with the following
symbols:
  + create

Terraform will perform the following actions:

  # yandex_compute_instance.vm-1[0] will be created
  + resource "yandex_compute_instance" "vm-1" {
      + created_at                = (known after apply)
      + folder_id                 = (known after apply)
      + fqdn                      = (known after apply)
      + hostname                  = (known after apply)
      + id                        = (known after apply)
      + metadata                  = {
          + "ssh-keys" = <<-EOT
                ubuntu:-----BEGIN OPENSSH PRIVATE KEY-----
                b3BlbnNzaC1rZXktdjEAAAAABG5vbmUAAAAEbm9uZQAAAAAAAAABAAABFwAAAAdzc2gtcn
                NhAAAAAwEAAQAAAQEAqrCIvugwK7wqW6l5dC9OEKyHzyupxp+iS/uXhbKCTolCREVCDKg9
                ve/8j2hk9yoHUeME+98Hhwhibs7A6ZSMmmJ/X3rKTSNECNncJwBOME9e+WG3grmoeoa5JY
                oVxcoQY66ZDi+Z/jx9WTiGRlVD1NmbkBZlCqbzuPY0h4bfhX4rMwvD9jTv5PKUTTj5XYwl
                BRH1bzf3XNK/asgjkzealTd+UljBFGiPxjwcomHrMbUadozokbnBif4Cj2D9XOR8WfjOjN
                k/00Nqj451fgH0IVxvJYJKR6SiwQ36KXSvhHPW1PpI0C35XOkVHDCZtuCsO4uWPkObDn8V
                b0oVddfWSQAAA9jXiOPk14jj5AAAAAdzc2gtcnNhAAABAQCqsIi+6DArvCpbqXl0L04QrI
                fPK6nGn6JL+5eFsoJOiUJERUIMqD297/yPaGT3KgdR4wT73weHCGJuzsDplIyaYn9fespN
                I0QI2dwnAE4wT175YbeCuah6hrklihXFyhBjrpkOL5n+PH1ZOIZGVUPU2ZuQFmUKpvO49j
                SHht+FfiszC8P2NO/k8pRNOPldjCUFEfVvN/dc0r9qyCOTN5qVN35SWMEUaI/GPByiYesx
                tRp2jOiRucGJ/gKPYP1c5HxZ+M6M2T/TQ2qPjnV+AfQhXG8lgkpHpKLBDfopdK+Ec9bU+k
                jQLflc6RUcMJm24Kw7i5Y+Q5sOfxVvShV119ZJAAAAAwEAAQAAAQAko8h20nikqruc+YAs
                xIrJYX+1pPXIwTOhg9w+wtbd7PDgns1S0jqOrxlT32Ds/YScu1KyjmmbPt2CU7dtbInSCh
                q1cDJE5LESBVIQvSwLir4kYil2UkwsIQdVW5LY5ksmWrBYLzerL2jo4g1Qw7TP1/Zgs630
                32mp5o/YF8eba+QzBtUVwFJsiFdTQr1k6LD2cMbeS0h6/1y4bjKZLEB2f0owxj7VRZfXK6
                SzxhhK51wYqUNh4ixeGDUnlGWXGBgyIt6vYPqTGnFtQRISDIWnox0NfQSXLfhhiGiAK2bq
                mlWwuMx8DReggxdFk4ppr4azMGfXAXeHETMrR0pz46MRAAAAgQCKB5zSqdLbhiSMxu08h6
                WI6rA3GPFlSJ431Q20xhuw8ManrjzoMYrtfIAdExgiM8Ord6TbN1nTYS4t9KVL5YvFLxnW
                Uk1VrBxHAU8hw77hsKHE6nTRGPguZN3h9DJXiUVKSFBWQlzHJQTZLejrzXP/Ms0/uEaenG
                PXtIojHCltowAAAIEA0ndyZZ+VLQinj7sZXHci5AMNSzUYnRUr5aCOlnwVpQm6u0YJkYHR
                MR0W6MaCw5Bwl3mHxK7g9YL1VbDw+J+S8YLT/PiHl8WsQiHsuiMoEGPvSPFtEF6JReE8cV
                98011y/7lxw9toBarwIK2eP2Yf4JLzdQaHKNo134VN0VVFwacAAACBAM+eEHMlP0/pIF2s
                ElpzJdElgfv8gOmiIblnCFz88w2WjkqnRRNEMH+MLz/z11150ngR0CYV2AczR4GQKSxYns
                jjm5iLXzuF0eOl2jqIqUWQ3YX7tNC59zHKxJ0WLi1r6Xg1HB03RiPHnT6E8IrX9doYH65d
                7T3b6BGn/lhzS0aPAAAAG3NlcmdleUBzZXJnZXktVGhpbmtQYWQtWDIwMQECAwQFBgc=
                -----END OPENSSH PRIVATE KEY-----
            EOT
        }
      + name                      = "vm-prod-1"
      + network_acceleration_type = "standard"
      + platform_id               = "standart-v2"
      + service_account_id        = (known after apply)
      + status                    = (known after apply)
      + zone                      = (known after apply)

      + boot_disk {
          + auto_delete = true
          + device_name = (known after apply)
          + disk_id     = (known after apply)
          + mode        = (known after apply)

          + initialize_params {
              + block_size  = (known after apply)
              + description = (known after apply)
              + image_id    = "fd8fte6bebi857ortlja"
              + name        = (known after apply)
              + size        = (known after apply)
              + snapshot_id = (known after apply)
              + type        = "network-hdd"
            }
        }

      + network_interface {
          + index              = (known after apply)
          + ip_address         = (known after apply)
          + ipv4               = true
          + ipv6               = (known after apply)
          + ipv6_address       = (known after apply)
          + mac_address        = (known after apply)
          + nat                = true
          + nat_ip_address     = (known after apply)
          + nat_ip_version     = (known after apply)
          + security_group_ids = (known after apply)
          + subnet_id          = (known after apply)
        }

      + placement_policy {
          + host_affinity_rules = (known after apply)
          + placement_group_id  = (known after apply)
        }

      + resources {
          + core_fraction = 100
          + cores         = 4
          + memory        = 4
        }

      + scheduling_policy {
          + preemptible = (known after apply)
        }
    }

  # yandex_compute_instance.vm-1[1] will be created
  + resource "yandex_compute_instance" "vm-1" {
      + created_at                = (known after apply)
      + folder_id                 = (known after apply)
      + fqdn                      = (known after apply)
      + hostname                  = (known after apply)
      + id                        = (known after apply)
      + metadata                  = {
          + "ssh-keys" = <<-EOT
                ubuntu:-----BEGIN OPENSSH PRIVATE KEY-----
                b3BlbnNzaC1rZXktdjEAAAAABG5vbmUAAAAEbm9uZQAAAAAAAAABAAABFwAAAAdzc2gtcn
                NhAAAAAwEAAQAAAQEAqrCIvugwK7wqW6l5dC9OEKyHzyupxp+iS/uXhbKCTolCREVCDKg9
                ve/8j2hk9yoHUeME+98Hhwhibs7A6ZSMmmJ/X3rKTSNECNncJwBOME9e+WG3grmoeoa5JY
                oVxcoQY66ZDi+Z/jx9WTiGRlVD1NmbkBZlCqbzuPY0h4bfhX4rMwvD9jTv5PKUTTj5XYwl
                BRH1bzf3XNK/asgjkzealTd+UljBFGiPxjwcomHrMbUadozokbnBif4Cj2D9XOR8WfjOjN
                k/00Nqj451fgH0IVxvJYJKR6SiwQ36KXSvhHPW1PpI0C35XOkVHDCZtuCsO4uWPkObDn8V
                b0oVddfWSQAAA9jXiOPk14jj5AAAAAdzc2gtcnNhAAABAQCqsIi+6DArvCpbqXl0L04QrI
                fPK6nGn6JL+5eFsoJOiUJERUIMqD297/yPaGT3KgdR4wT73weHCGJuzsDplIyaYn9fespN
                I0QI2dwnAE4wT175YbeCuah6hrklihXFyhBjrpkOL5n+PH1ZOIZGVUPU2ZuQFmUKpvO49j
                SHht+FfiszC8P2NO/k8pRNOPldjCUFEfVvN/dc0r9qyCOTN5qVN35SWMEUaI/GPByiYesx
                tRp2jOiRucGJ/gKPYP1c5HxZ+M6M2T/TQ2qPjnV+AfQhXG8lgkpHpKLBDfopdK+Ec9bU+k
                jQLflc6RUcMJm24Kw7i5Y+Q5sOfxVvShV119ZJAAAAAwEAAQAAAQAko8h20nikqruc+YAs
                xIrJYX+1pPXIwTOhg9w+wtbd7PDgns1S0jqOrxlT32Ds/YScu1KyjmmbPt2CU7dtbInSCh
                q1cDJE5LESBVIQvSwLir4kYil2UkwsIQdVW5LY5ksmWrBYLzerL2jo4g1Qw7TP1/Zgs630
                32mp5o/YF8eba+QzBtUVwFJsiFdTQr1k6LD2cMbeS0h6/1y4bjKZLEB2f0owxj7VRZfXK6
                SzxhhK51wYqUNh4ixeGDUnlGWXGBgyIt6vYPqTGnFtQRISDIWnox0NfQSXLfhhiGiAK2bq
                mlWwuMx8DReggxdFk4ppr4azMGfXAXeHETMrR0pz46MRAAAAgQCKB5zSqdLbhiSMxu08h6
                WI6rA3GPFlSJ431Q20xhuw8ManrjzoMYrtfIAdExgiM8Ord6TbN1nTYS4t9KVL5YvFLxnW
                Uk1VrBxHAU8hw77hsKHE6nTRGPguZN3h9DJXiUVKSFBWQlzHJQTZLejrzXP/Ms0/uEaenG
                PXtIojHCltowAAAIEA0ndyZZ+VLQinj7sZXHci5AMNSzUYnRUr5aCOlnwVpQm6u0YJkYHR
                MR0W6MaCw5Bwl3mHxK7g9YL1VbDw+J+S8YLT/PiHl8WsQiHsuiMoEGPvSPFtEF6JReE8cV
                98011y/7lxw9toBarwIK2eP2Yf4JLzdQaHKNo134VN0VVFwacAAACBAM+eEHMlP0/pIF2s
                ElpzJdElgfv8gOmiIblnCFz88w2WjkqnRRNEMH+MLz/z11150ngR0CYV2AczR4GQKSxYns
                jjm5iLXzuF0eOl2jqIqUWQ3YX7tNC59zHKxJ0WLi1r6Xg1HB03RiPHnT6E8IrX9doYH65d
                7T3b6BGn/lhzS0aPAAAAG3NlcmdleUBzZXJnZXktVGhpbmtQYWQtWDIwMQECAwQFBgc=
                -----END OPENSSH PRIVATE KEY-----
            EOT
        }
      + name                      = "vm-prod-2"
      + network_acceleration_type = "standard"
      + platform_id               = "standart-v2"
      + service_account_id        = (known after apply)
      + status                    = (known after apply)
      + zone                      = (known after apply)

      + boot_disk {
          + auto_delete = true
          + device_name = (known after apply)
          + disk_id     = (known after apply)
          + mode        = (known after apply)

          + initialize_params {
              + block_size  = (known after apply)
              + description = (known after apply)
              + image_id    = "fd8fte6bebi857ortlja"
              + name        = (known after apply)
              + size        = (known after apply)
              + snapshot_id = (known after apply)
              + type        = "network-hdd"
            }
        }

      + network_interface {
          + index              = (known after apply)
          + ip_address         = (known after apply)
          + ipv4               = true
          + ipv6               = (known after apply)
          + ipv6_address       = (known after apply)
          + mac_address        = (known after apply)
          + nat                = true
          + nat_ip_address     = (known after apply)
          + nat_ip_version     = (known after apply)
          + security_group_ids = (known after apply)
          + subnet_id          = (known after apply)
        }

      + placement_policy {
          + host_affinity_rules = (known after apply)
          + placement_group_id  = (known after apply)
        }

      + resources {
          + core_fraction = 100
          + cores         = 4
          + memory        = 4
        }

      + scheduling_policy {
          + preemptible = (known after apply)
        }
    }

  # yandex_compute_instance.vm-2["3"] will be created
  + resource "yandex_compute_instance" "vm-2" {
      + created_at                = (known after apply)
      + folder_id                 = (known after apply)
      + fqdn                      = (known after apply)
      + hostname                  = (known after apply)
      + id                        = (known after apply)
      + metadata                  = {
          + "ssh-keys" = <<-EOT
                ubuntu:-----BEGIN OPENSSH PRIVATE KEY-----
                b3BlbnNzaC1rZXktdjEAAAAABG5vbmUAAAAEbm9uZQAAAAAAAAABAAABFwAAAAdzc2gtcn
                NhAAAAAwEAAQAAAQEAqrCIvugwK7wqW6l5dC9OEKyHzyupxp+iS/uXhbKCTolCREVCDKg9
                ve/8j2hk9yoHUeME+98Hhwhibs7A6ZSMmmJ/X3rKTSNECNncJwBOME9e+WG3grmoeoa5JY
                oVxcoQY66ZDi+Z/jx9WTiGRlVD1NmbkBZlCqbzuPY0h4bfhX4rMwvD9jTv5PKUTTj5XYwl
                BRH1bzf3XNK/asgjkzealTd+UljBFGiPxjwcomHrMbUadozokbnBif4Cj2D9XOR8WfjOjN
                k/00Nqj451fgH0IVxvJYJKR6SiwQ36KXSvhHPW1PpI0C35XOkVHDCZtuCsO4uWPkObDn8V
                b0oVddfWSQAAA9jXiOPk14jj5AAAAAdzc2gtcnNhAAABAQCqsIi+6DArvCpbqXl0L04QrI
                fPK6nGn6JL+5eFsoJOiUJERUIMqD297/yPaGT3KgdR4wT73weHCGJuzsDplIyaYn9fespN
                I0QI2dwnAE4wT175YbeCuah6hrklihXFyhBjrpkOL5n+PH1ZOIZGVUPU2ZuQFmUKpvO49j
                SHht+FfiszC8P2NO/k8pRNOPldjCUFEfVvN/dc0r9qyCOTN5qVN35SWMEUaI/GPByiYesx
                tRp2jOiRucGJ/gKPYP1c5HxZ+M6M2T/TQ2qPjnV+AfQhXG8lgkpHpKLBDfopdK+Ec9bU+k
                jQLflc6RUcMJm24Kw7i5Y+Q5sOfxVvShV119ZJAAAAAwEAAQAAAQAko8h20nikqruc+YAs
                xIrJYX+1pPXIwTOhg9w+wtbd7PDgns1S0jqOrxlT32Ds/YScu1KyjmmbPt2CU7dtbInSCh
                q1cDJE5LESBVIQvSwLir4kYil2UkwsIQdVW5LY5ksmWrBYLzerL2jo4g1Qw7TP1/Zgs630
                32mp5o/YF8eba+QzBtUVwFJsiFdTQr1k6LD2cMbeS0h6/1y4bjKZLEB2f0owxj7VRZfXK6
                SzxhhK51wYqUNh4ixeGDUnlGWXGBgyIt6vYPqTGnFtQRISDIWnox0NfQSXLfhhiGiAK2bq
                mlWwuMx8DReggxdFk4ppr4azMGfXAXeHETMrR0pz46MRAAAAgQCKB5zSqdLbhiSMxu08h6
                WI6rA3GPFlSJ431Q20xhuw8ManrjzoMYrtfIAdExgiM8Ord6TbN1nTYS4t9KVL5YvFLxnW
                Uk1VrBxHAU8hw77hsKHE6nTRGPguZN3h9DJXiUVKSFBWQlzHJQTZLejrzXP/Ms0/uEaenG
                PXtIojHCltowAAAIEA0ndyZZ+VLQinj7sZXHci5AMNSzUYnRUr5aCOlnwVpQm6u0YJkYHR
                MR0W6MaCw5Bwl3mHxK7g9YL1VbDw+J+S8YLT/PiHl8WsQiHsuiMoEGPvSPFtEF6JReE8cV
                98011y/7lxw9toBarwIK2eP2Yf4JLzdQaHKNo134VN0VVFwacAAACBAM+eEHMlP0/pIF2s
                ElpzJdElgfv8gOmiIblnCFz88w2WjkqnRRNEMH+MLz/z11150ngR0CYV2AczR4GQKSxYns
                jjm5iLXzuF0eOl2jqIqUWQ3YX7tNC59zHKxJ0WLi1r6Xg1HB03RiPHnT6E8IrX9doYH65d
                7T3b6BGn/lhzS0aPAAAAG3NlcmdleUBzZXJnZXktVGhpbmtQYWQtWDIwMQECAwQFBgc=
                -----END OPENSSH PRIVATE KEY-----
            EOT
        }
      + name                      = "vm-prod-3"
      + network_acceleration_type = "standard"
      + platform_id               = "standard-v1"
      + service_account_id        = (known after apply)
      + status                    = (known after apply)
      + zone                      = (known after apply)

      + boot_disk {
          + auto_delete = true
          + device_name = (known after apply)
          + disk_id     = (known after apply)
          + mode        = (known after apply)

          + initialize_params {
              + block_size  = (known after apply)
              + description = (known after apply)
              + image_id    = "fd8fte6bebi857ortlja"
              + name        = (known after apply)
              + size        = (known after apply)
              + snapshot_id = (known after apply)
              + type        = "network-hdd"
            }
        }

      + network_interface {
          + index              = (known after apply)
          + ip_address         = (known after apply)
          + ipv4               = true
          + ipv6               = (known after apply)
          + ipv6_address       = (known after apply)
          + mac_address        = (known after apply)
          + nat                = true
          + nat_ip_address     = (known after apply)
          + nat_ip_version     = (known after apply)
          + security_group_ids = (known after apply)
          + subnet_id          = (known after apply)
        }

      + placement_policy {
          + host_affinity_rules = (known after apply)
          + placement_group_id  = (known after apply)
        }

      + resources {
          + core_fraction = 100
          + cores         = 4
          + memory        = 4
        }

      + scheduling_policy {
          + preemptible = (known after apply)
        }
    }

  # yandex_compute_instance.vm-2["4"] will be created
  + resource "yandex_compute_instance" "vm-2" {
      + created_at                = (known after apply)
      + folder_id                 = (known after apply)
      + fqdn                      = (known after apply)
      + hostname                  = (known after apply)
      + id                        = (known after apply)
      + metadata                  = {
          + "ssh-keys" = <<-EOT
                ubuntu:-----BEGIN OPENSSH PRIVATE KEY-----
                b3BlbnNzaC1rZXktdjEAAAAABG5vbmUAAAAEbm9uZQAAAAAAAAABAAABFwAAAAdzc2gtcn
                NhAAAAAwEAAQAAAQEAqrCIvugwK7wqW6l5dC9OEKyHzyupxp+iS/uXhbKCTolCREVCDKg9
                ve/8j2hk9yoHUeME+98Hhwhibs7A6ZSMmmJ/X3rKTSNECNncJwBOME9e+WG3grmoeoa5JY
                oVxcoQY66ZDi+Z/jx9WTiGRlVD1NmbkBZlCqbzuPY0h4bfhX4rMwvD9jTv5PKUTTj5XYwl
                BRH1bzf3XNK/asgjkzealTd+UljBFGiPxjwcomHrMbUadozokbnBif4Cj2D9XOR8WfjOjN
                k/00Nqj451fgH0IVxvJYJKR6SiwQ36KXSvhHPW1PpI0C35XOkVHDCZtuCsO4uWPkObDn8V
                b0oVddfWSQAAA9jXiOPk14jj5AAAAAdzc2gtcnNhAAABAQCqsIi+6DArvCpbqXl0L04QrI
                fPK6nGn6JL+5eFsoJOiUJERUIMqD297/yPaGT3KgdR4wT73weHCGJuzsDplIyaYn9fespN
                I0QI2dwnAE4wT175YbeCuah6hrklihXFyhBjrpkOL5n+PH1ZOIZGVUPU2ZuQFmUKpvO49j
                SHht+FfiszC8P2NO/k8pRNOPldjCUFEfVvN/dc0r9qyCOTN5qVN35SWMEUaI/GPByiYesx
                tRp2jOiRucGJ/gKPYP1c5HxZ+M6M2T/TQ2qPjnV+AfQhXG8lgkpHpKLBDfopdK+Ec9bU+k
                jQLflc6RUcMJm24Kw7i5Y+Q5sOfxVvShV119ZJAAAAAwEAAQAAAQAko8h20nikqruc+YAs
                xIrJYX+1pPXIwTOhg9w+wtbd7PDgns1S0jqOrxlT32Ds/YScu1KyjmmbPt2CU7dtbInSCh
                q1cDJE5LESBVIQvSwLir4kYil2UkwsIQdVW5LY5ksmWrBYLzerL2jo4g1Qw7TP1/Zgs630
                32mp5o/YF8eba+QzBtUVwFJsiFdTQr1k6LD2cMbeS0h6/1y4bjKZLEB2f0owxj7VRZfXK6
                SzxhhK51wYqUNh4ixeGDUnlGWXGBgyIt6vYPqTGnFtQRISDIWnox0NfQSXLfhhiGiAK2bq
                mlWwuMx8DReggxdFk4ppr4azMGfXAXeHETMrR0pz46MRAAAAgQCKB5zSqdLbhiSMxu08h6
                WI6rA3GPFlSJ431Q20xhuw8ManrjzoMYrtfIAdExgiM8Ord6TbN1nTYS4t9KVL5YvFLxnW
                Uk1VrBxHAU8hw77hsKHE6nTRGPguZN3h9DJXiUVKSFBWQlzHJQTZLejrzXP/Ms0/uEaenG
                PXtIojHCltowAAAIEA0ndyZZ+VLQinj7sZXHci5AMNSzUYnRUr5aCOlnwVpQm6u0YJkYHR
                MR0W6MaCw5Bwl3mHxK7g9YL1VbDw+J+S8YLT/PiHl8WsQiHsuiMoEGPvSPFtEF6JReE8cV
                98011y/7lxw9toBarwIK2eP2Yf4JLzdQaHKNo134VN0VVFwacAAACBAM+eEHMlP0/pIF2s
                ElpzJdElgfv8gOmiIblnCFz88w2WjkqnRRNEMH+MLz/z11150ngR0CYV2AczR4GQKSxYns
                jjm5iLXzuF0eOl2jqIqUWQ3YX7tNC59zHKxJ0WLi1r6Xg1HB03RiPHnT6E8IrX9doYH65d
                7T3b6BGn/lhzS0aPAAAAG3NlcmdleUBzZXJnZXktVGhpbmtQYWQtWDIwMQECAwQFBgc=
                -----END OPENSSH PRIVATE KEY-----
            EOT
        }
      + name                      = "vm-prod-4"
      + network_acceleration_type = "standard"
      + platform_id               = "standard-v1"
      + service_account_id        = (known after apply)
      + status                    = (known after apply)
      + zone                      = (known after apply)

      + boot_disk {
          + auto_delete = true
          + device_name = (known after apply)
          + disk_id     = (known after apply)
          + mode        = (known after apply)

          + initialize_params {
              + block_size  = (known after apply)
              + description = (known after apply)
              + image_id    = "fd8fte6bebi857ortlja"
              + name        = (known after apply)
              + size        = (known after apply)
              + snapshot_id = (known after apply)
              + type        = "network-hdd"
            }
        }

      + network_interface {
          + index              = (known after apply)
          + ip_address         = (known after apply)
          + ipv4               = true
          + ipv6               = (known after apply)
          + ipv6_address       = (known after apply)
          + mac_address        = (known after apply)
          + nat                = true
          + nat_ip_address     = (known after apply)
          + nat_ip_version     = (known after apply)
          + security_group_ids = (known after apply)
          + subnet_id          = (known after apply)
        }

      + placement_policy {
          + host_affinity_rules = (known after apply)
          + placement_group_id  = (known after apply)
        }

      + resources {
          + core_fraction = 100
          + cores         = 4
          + memory        = 4
        }

      + scheduling_policy {
          + preemptible = (known after apply)
        }
    }

  # yandex_vpc_network.network-1 will be created
  + resource "yandex_vpc_network" "network-1" {
      + created_at                = (known after apply)
      + default_security_group_id = (known after apply)
      + folder_id                 = (known after apply)
      + id                        = (known after apply)
      + labels                    = (known after apply)
      + name                      = "network1"
      + subnet_ids                = (known after apply)
    }

  # yandex_vpc_subnet.subnet-1 will be created
  + resource "yandex_vpc_subnet" "subnet-1" {
      + created_at     = (known after apply)
      + folder_id      = (known after apply)
      + id             = (known after apply)
      + labels         = (known after apply)
      + name           = "subnet1"
      + network_id     = (known after apply)
      + v4_cidr_blocks = [
          + "192.168.10.0/24",
        ]
      + v6_cidr_blocks = (known after apply)
      + zone           = "ru-central1-a"
    }

Plan: 6 to add, 0 to change, 0 to destroy.

Changes to Outputs:
  + external_ip_address_vm_1 = (known after apply)
  + external_ip_address_vm_2 = (known after apply)
  + internal_ip_address_vm_1 = (known after apply)
  + internal_ip_address_vm_2 = (known after apply)

───────────────────────────────────────────────────────────────────────────────────────────────────────────────────────────────────

Note: You didn't use the -out option to save this plan, so Terraform can't guarantee to take exactly these actions if you run
"terraform apply" now.
sergey@sergey-ThinkPad-X201:~/terraform_basic$ terraform apply
