sergey@sergey-ThinkPad-X201:~/dz/virt/7.4/terraform15$ terraform plan

Terraform used the selected providers to generate the following execution plan.
Resource actions are indicated with the following symbols:
  + create

Terraform will perform the following actions:

  # yandex_vpc_network.network-1 will be created
  + resource "yandex_vpc_network" "network-1" {
      + created_at                = (known after apply)
      + default_security_group_id = (known after apply)
      + folder_id                 = (known after apply)
      + id                        = (known after apply)
      + name                      = "network1"
      + subnet_ids                = (known after apply)
    }

  # yandex_vpc_subnet.subnet-1 will be created
  + resource "yandex_vpc_subnet" "subnet-1" {
      + created_at     = (known after apply)
      + folder_id      = (known after apply)
      + id             = (known after apply)
      + name           = "subnet1"
      + network_id     = (known after apply)
      + v4_cidr_blocks = [
          + "192.168.10.0/24",
        ]
      + v6_cidr_blocks = (known after apply)
      + zone           = "ru-central1-a"
    }

  # module.vm-1[0].yandex_compute_instance.instance[0] will be created
  + resource "yandex_compute_instance" "instance" {
      + created_at                = (known after apply)
      + folder_id                 = (known after apply)
      + fqdn                      = (known after apply)
      + hostname                  = "vm-prod-1}"
      + id                        = (known after apply)
      + metadata                  = {
          + "ssh-keys" = <<-EOT
                sergey:ssh-rsa AAAAB3NzaC1yc2EAAAADAQABAAABAQCqsIi+6DArvCpbqXl0L04QrIfPK6nGn6JL+5eFsoJOiUJERUIMqD297/yPaGT3KgdR4wT73weHCGJuzsDplIyaYn9fespNI0QI2dwnAE4wT175YbeCuah6hrklihXFyhBjrpkOL5n+PH1ZOIZGVUPU2ZuQFmUKpvO49jSHht+FfiszC8P2NO/k8pRNOPldjCUFEfVvN/dc0r9qyCOTN5qVN35SWMEUaI/GPByiYesxtRp2jOiRucGJ/gKPYP1c5HxZ+M6M2T/TQ2qPjnV+AfQhXG8lgkpHpKLBDfopdK+Ec9bU+kjQLflc6RUcMJm24Kw7i5Y+Q5sOfxVvShV119ZJ sergey@sergey-ThinkPad-X201
            EOT
        }
      + name                      = "vm-prod-1"
      + network_acceleration_type = "standard"
      + platform_id               = "standard-v2"
      + service_account_id        = (known after apply)
      + status                    = (known after apply)
      + zone                      = (known after apply)

      + boot_disk {
          + auto_delete = true
          + device_name = (known after apply)
          + disk_id     = (known after apply)
          + mode        = (known after apply)

          + initialize_params {
              + description = (known after apply)
              + image_id    = "fd86tafe9jg6c4hd2aqp"
              + name        = (known after apply)
              + size        = (known after apply)
              + snapshot_id = (known after apply)
              + type        = "network-hdd"
            }
        }

      + network_interface {
          + index              = (known after apply)
          + ip_address         = (known after apply)
          + ipv4               = true
          + ipv6               = (known after apply)
          + ipv6_address       = (known after apply)
          + mac_address        = (known after apply)
          + nat                = true
          + nat_ip_address     = (known after apply)
          + nat_ip_version     = (known after apply)
          + security_group_ids = (known after apply)
          + subnet_id          = (known after apply)
        }

      + placement_policy {
          + placement_group_id = (known after apply)
        }

      + resources {
          + core_fraction = 100
          + cores         = 4
          + memory        = 4
        }

      + scheduling_policy {
          + preemptible = (known after apply)
        }
    }

  # module.vm-1[1].yandex_compute_instance.instance[0] will be created
  + resource "yandex_compute_instance" "instance" {
      + created_at                = (known after apply)
      + folder_id                 = (known after apply)
      + fqdn                      = (known after apply)
      + hostname                  = "vm-prod-2}"
      + id                        = (known after apply)
      + metadata                  = {
          + "ssh-keys" = <<-EOT
                sergey:ssh-rsa AAAAB3NzaC1yc2EAAAADAQABAAABAQCqsIi+6DArvCpbqXl0L04QrIfPK6nGn6JL+5eFsoJOiUJERUIMqD297/yPaGT3KgdR4wT73weHCGJuzsDplIyaYn9fespNI0QI2dwnAE4wT175YbeCuah6hrklihXFyhBjrpkOL5n+PH1ZOIZGVUPU2ZuQFmUKpvO49jSHht+FfiszC8P2NO/k8pRNOPldjCUFEfVvN/dc0r9qyCOTN5qVN35SWMEUaI/GPByiYesxtRp2jOiRucGJ/gKPYP1c5HxZ+M6M2T/TQ2qPjnV+AfQhXG8lgkpHpKLBDfopdK+Ec9bU+kjQLflc6RUcMJm24Kw7i5Y+Q5sOfxVvShV119ZJ sergey@sergey-ThinkPad-X201
            EOT
        }
      + name                      = "vm-prod-2"
      + network_acceleration_type = "standard"
      + platform_id               = "standard-v2"
      + service_account_id        = (known after apply)
      + status                    = (known after apply)
      + zone                      = (known after apply)

      + boot_disk {
          + auto_delete = true
          + device_name = (known after apply)
          + disk_id     = (known after apply)
          + mode        = (known after apply)

          + initialize_params {
              + description = (known after apply)
              + image_id    = "fd86tafe9jg6c4hd2aqp"
              + name        = (known after apply)
              + size        = (known after apply)
              + snapshot_id = (known after apply)
              + type        = "network-hdd"
            }
        }

      + network_interface {
          + index              = (known after apply)
          + ip_address         = (known after apply)
          + ipv4               = true
          + ipv6               = (known after apply)
          + ipv6_address       = (known after apply)
          + mac_address        = (known after apply)
          + nat                = true
          + nat_ip_address     = (known after apply)
          + nat_ip_version     = (known after apply)
          + security_group_ids = (known after apply)
          + subnet_id          = (known after apply)
        }

      + placement_policy {
          + placement_group_id = (known after apply)
        }

      + resources {
          + core_fraction = 100
          + cores         = 4
          + memory        = 4
        }

      + scheduling_policy {
          + preemptible = (known after apply)
        }
    }

  # module.vm-2["3"].yandex_compute_instance.instance[0] will be created
  + resource "yandex_compute_instance" "instance" {
      + created_at                = (known after apply)
      + folder_id                 = (known after apply)
      + fqdn                      = (known after apply)
      + hostname                  = "vm-prod-3}"
      + id                        = (known after apply)
      + metadata                  = {
          + "ssh-keys" = <<-EOT
                sergey:ssh-rsa AAAAB3NzaC1yc2EAAAADAQABAAABAQCqsIi+6DArvCpbqXl0L04QrIfPK6nGn6JL+5eFsoJOiUJERUIMqD297/yPaGT3KgdR4wT73weHCGJuzsDplIyaYn9fespNI0QI2dwnAE4wT175YbeCuah6hrklihXFyhBjrpkOL5n+PH1ZOIZGVUPU2ZuQFmUKpvO49jSHht+FfiszC8P2NO/k8pRNOPldjCUFEfVvN/dc0r9qyCOTN5qVN35SWMEUaI/GPByiYesxtRp2jOiRucGJ/gKPYP1c5HxZ+M6M2T/TQ2qPjnV+AfQhXG8lgkpHpKLBDfopdK+Ec9bU+kjQLflc6RUcMJm24Kw7i5Y+Q5sOfxVvShV119ZJ sergey@sergey-ThinkPad-X201
            EOT
        }
      + name                      = "vm-prod-3"
      + network_acceleration_type = "standard"
      + platform_id               = "standard-v1"
      + service_account_id        = (known after apply)
      + status                    = (known after apply)
      + zone                      = (known after apply)

      + boot_disk {
          + auto_delete = true
          + device_name = (known after apply)
          + disk_id     = (known after apply)
          + mode        = (known after apply)

          + initialize_params {
              + description = (known after apply)
              + image_id    = "fd86tafe9jg6c4hd2aqp"
              + name        = (known after apply)
              + size        = (known after apply)
              + snapshot_id = (known after apply)
              + type        = "network-hdd"
            }
        }

      + network_interface {
          + index              = (known after apply)
          + ip_address         = (known after apply)
          + ipv4               = true
          + ipv6               = (known after apply)
          + ipv6_address       = (known after apply)
          + mac_address        = (known after apply)
          + nat                = true
          + nat_ip_address     = (known after apply)
          + nat_ip_version     = (known after apply)
          + security_group_ids = (known after apply)
          + subnet_id          = (known after apply)
        }

      + placement_policy {
          + placement_group_id = (known after apply)
        }

      + resources {
          + core_fraction = 100
          + cores         = 4
          + memory        = 4
        }

      + scheduling_policy {
          + preemptible = (known after apply)
        }
    }

  # module.vm-2["4"].yandex_compute_instance.instance[0] will be created
  + resource "yandex_compute_instance" "instance" {
      + created_at                = (known after apply)
      + folder_id                 = (known after apply)
      + fqdn                      = (known after apply)
      + hostname                  = "vm-prod-4}"
      + id                        = (known after apply)
      + metadata                  = {
          + "ssh-keys" = <<-EOT
                sergey:ssh-rsa AAAAB3NzaC1yc2EAAAADAQABAAABAQCqsIi+6DArvCpbqXl0L04QrIfPK6nGn6JL+5eFsoJOiUJERUIMqD297/yPaGT3KgdR4wT73weHCGJuzsDplIyaYn9fespNI0QI2dwnAE4wT175YbeCuah6hrklihXFyhBjrpkOL5n+PH1ZOIZGVUPU2ZuQFmUKpvO49jSHht+FfiszC8P2NO/k8pRNOPldjCUFEfVvN/dc0r9qyCOTN5qVN35SWMEUaI/GPByiYesxtRp2jOiRucGJ/gKPYP1c5HxZ+M6M2T/TQ2qPjnV+AfQhXG8lgkpHpKLBDfopdK+Ec9bU+kjQLflc6RUcMJm24Kw7i5Y+Q5sOfxVvShV119ZJ sergey@sergey-ThinkPad-X201
            EOT
        }
      + name                      = "vm-prod-4"
      + network_acceleration_type = "standard"
      + platform_id               = "standard-v1"
      + service_account_id        = (known after apply)
      + status                    = (known after apply)
      + zone                      = (known after apply)

      + boot_disk {
          + auto_delete = true
          + device_name = (known after apply)
          + disk_id     = (known after apply)
          + mode        = (known after apply)

          + initialize_params {
              + description = (known after apply)
              + image_id    = "fd86tafe9jg6c4hd2aqp"
              + name        = (known after apply)
              + size        = (known after apply)
              + snapshot_id = (known after apply)
              + type        = "network-hdd"
            }
        }

      + network_interface {
          + index              = (known after apply)
          + ip_address         = (known after apply)
          + ipv4               = true
          + ipv6               = (known after apply)
          + ipv6_address       = (known after apply)
          + mac_address        = (known after apply)
          + nat                = true
          + nat_ip_address     = (known after apply)
          + nat_ip_version     = (known after apply)
          + security_group_ids = (known after apply)
          + subnet_id          = (known after apply)
        }

      + placement_policy {
          + placement_group_id = (known after apply)
        }

      + resources {
          + core_fraction = 100
          + cores         = 4
          + memory        = 4
        }

      + scheduling_policy {
          + preemptible = (known after apply)
        }
    }

Plan: 6 to add, 0 to change, 0 to destroy.

───────────────────────────────────────────────────────────────────────────────

Note: You didn't use the -out option to save this plan, so Terraform can't
guarantee to take exactly these actions if you run "terraform apply" now.
sergey@sergey-ThinkPad-X201:~/dz/virt/7.4/terraform15$ 

